
Microsoft Visual Studio Solution File, Format Version 12.00
# Visual Studio Version 17
VisualStudioVersion = 17.14.36127.28 d17.14
MinimumVisualStudioVersion = 10.0.40219.1
Project("{888888A0-9F3D-457C-B088-3A5042F75D52}") = "BoomBurger", "BoomBurger.pyproj", "{CC40986A-2012-4B79-B2EC-B140EF1ADA6C}"
EndProject
Global
	GlobalSection(SolutionConfigurationPlatforms) = preSolution
		Debug|Any CPU = Debug|Any CPU
		Release|Any CPU = Release|Any CPU
	EndGlobalSection
	GlobalSection(ProjectConfigurationPlatforms) = postSolution
		{CC40986A-2012-4B79-B2EC-B140EF1ADA6C}.Debug|Any CPU.ActiveCfg = Debug|Any CPU
		{CC40986A-2012-4B79-B2EC-B140EF1ADA6C}.Release|Any CPU.ActiveCfg = Release|Any CPU
	EndGlobalSection
	GlobalSection(SolutionProperties) = preSolution
		HideSolutionNode = FALSE
	EndGlobalSection
	GlobalSection(ExtensibilityGlobals) = postSolution
		SolutionGuid = {4A2045D3-4D9C-4CE8-B653-EFA224013D01}
	EndGlobalSection
EndGlobal
